
Microsoft Visual Studio Solution File, Format Version 12.00
# Visual Studio 2013
VisualStudioVersion = 12.0.40629.0
MinimumVisualStudioVersion = 10.0.40219.1
Project("{8BC9CEB8-8B4A-11D0-8D11-00A0C91BC942}") = "Remove_Duplicates_from_Sorted_Array_I", "Remove_Duplicates_from_Sorted_Array\Remove_Duplicates_from_Sorted_Array.vcxproj", "{1BB7B9BE-A885-4CBD-9385-02138556001D}"
EndProject
Project("{8BC9CEB8-8B4A-11D0-8D11-00A0C91BC942}") = "Remove_Duplicates_from_Sorted_Array_II", "Remove_Duplicates_from_Sorted_Array_II\Remove_Duplicates_from_Sorted_Array_II.vcxproj", "{F6CAD728-A2F3-443E-BD58-438D3B946EE0}"
EndProject
Global
	GlobalSection(SolutionConfigurationPlatforms) = preSolution
		Debug|Win32 = Debug|Win32
		Release|Win32 = Release|Win32
	EndGlobalSection
	GlobalSection(ProjectConfigurationPlatforms) = postSolution
		{1BB7B9BE-A885-4CBD-9385-02138556001D}.Debug|Win32.ActiveCfg = Debug|Win32
		{1BB7B9BE-A885-4CBD-9385-02138556001D}.Debug|Win32.Build.0 = Debug|Win32
		{1BB7B9BE-A885-4CBD-9385-02138556001D}.Release|Win32.ActiveCfg = Release|Win32
		{1BB7B9BE-A885-4CBD-9385-02138556001D}.Release|Win32.Build.0 = Release|Win32
		{F6CAD728-A2F3-443E-BD58-438D3B946EE0}.Debug|Win32.ActiveCfg = Debug|Win32
		{F6CAD728-A2F3-443E-BD58-438D3B946EE0}.Debug|Win32.Build.0 = Debug|Win32
		{F6CAD728-A2F3-443E-BD58-438D3B946EE0}.Release|Win32.ActiveCfg = Release|Win32
		{F6CAD728-A2F3-443E-BD58-438D3B946EE0}.Release|Win32.Build.0 = Release|Win32
	EndGlobalSection
	GlobalSection(SolutionProperties) = preSolution
		HideSolutionNode = FALSE
	EndGlobalSection
EndGlobal
